
Microsoft Visual Studio Solution File, Format Version 12.00
# Visual Studio Version 17
VisualStudioVersion = 17.2.32526.322
MinimumVisualStudioVersion = 10.0.40219.1
Project("{9A19103F-16F7-4668-BE54-9A1E7A4F7556}") = "ListAndUnzip", "Unzip\ListAndUnzip.csproj", "{0AAE2613-7939-4A08-848F-8DE876F0ED4F}"
EndProject
Global
	GlobalSection(SolutionConfigurationPlatforms) = preSolution
		Debug|Any CPU = Debug|Any CPU
		Release|Any CPU = Release|Any CPU
	EndGlobalSection
	GlobalSection(ProjectConfigurationPlatforms) = postSolution
		{0AAE2613-7939-4A08-848F-8DE876F0ED4F}.Debug|Any CPU.ActiveCfg = Debug|Any CPU
		{0AAE2613-7939-4A08-848F-8DE876F0ED4F}.Debug|Any CPU.Build.0 = Debug|Any CPU
		{0AAE2613-7939-4A08-848F-8DE876F0ED4F}.Release|Any CPU.ActiveCfg = Release|Any CPU
		{0AAE2613-7939-4A08-848F-8DE876F0ED4F}.Release|Any CPU.Build.0 = Release|Any CPU
	EndGlobalSection
	GlobalSection(SolutionProperties) = preSolution
		HideSolutionNode = FALSE
	EndGlobalSection
	GlobalSection(ExtensibilityGlobals) = postSolution
		SolutionGuid = {A7DEF983-ED47-448B-BC0B-83496EC3EB87}
	EndGlobalSection
EndGlobal
